
Microsoft Visual Studio Solution File, Format Version 12.00
# Visual Studio Version 16
VisualStudioVersion = 16.0.32106.194
MinimumVisualStudioVersion = 10.0.40219.1
Project("{FAE04EC0-301F-11D3-BF4B-00C04F79EFBC}") = "ndot", "ndot.csproj", "{650C6311-EABD-415F-BDA7-D5BD1DFD1EAC}"
EndProject
Global
	GlobalSection(SolutionConfigurationPlatforms) = preSolution
		Debug|Any CPU = Debug|Any CPU
		Release|Any CPU = Release|Any CPU
	EndGlobalSection
	GlobalSection(ProjectConfigurationPlatforms) = postSolution
		{650C6311-EABD-415F-BDA7-D5BD1DFD1EAC}.Debug|Any CPU.ActiveCfg = Debug|Any CPU
		{650C6311-EABD-415F-BDA7-D5BD1DFD1EAC}.Debug|Any CPU.Build.0 = Debug|Any CPU
		{650C6311-EABD-415F-BDA7-D5BD1DFD1EAC}.Release|Any CPU.ActiveCfg = Release|Any CPU
		{650C6311-EABD-415F-BDA7-D5BD1DFD1EAC}.Release|Any CPU.Build.0 = Release|Any CPU
	EndGlobalSection
	GlobalSection(SolutionProperties) = preSolution
		HideSolutionNode = FALSE
	EndGlobalSection
	GlobalSection(ExtensibilityGlobals) = postSolution
		SolutionGuid = {92B22A1B-13BE-49F2-AF60-4C0D523F85A3}
	EndGlobalSection
EndGlobal
